
Microsoft Visual Studio Solution File, Format Version 12.00
# Visual Studio Version 17
VisualStudioVersion = 17.2.32602.215
MinimumVisualStudioVersion = 10.0.40219.1
Project("{FAE04EC0-301F-11D3-BF4B-00C04F79EFBC}") = "CarManufacturingProject", "CarManufacturingProject.csproj", "{920D916B-2559-4BF0-9748-DE40C60689D0}"
EndProject
Global
	GlobalSection(SolutionConfigurationPlatforms) = preSolution
		Debug|Any CPU = Debug|Any CPU
		Release|Any CPU = Release|Any CPU
	EndGlobalSection
	GlobalSection(ProjectConfigurationPlatforms) = postSolution
		{920D916B-2559-4BF0-9748-DE40C60689D0}.Debug|Any CPU.ActiveCfg = Debug|Any CPU
		{920D916B-2559-4BF0-9748-DE40C60689D0}.Debug|Any CPU.Build.0 = Debug|Any CPU
		{920D916B-2559-4BF0-9748-DE40C60689D0}.Release|Any CPU.ActiveCfg = Release|Any CPU
		{920D916B-2559-4BF0-9748-DE40C60689D0}.Release|Any CPU.Build.0 = Release|Any CPU
	EndGlobalSection
	GlobalSection(SolutionProperties) = preSolution
		HideSolutionNode = FALSE
	EndGlobalSection
	GlobalSection(ExtensibilityGlobals) = postSolution
		SolutionGuid = {39722B77-7FFA-4A81-945A-10F57EC99FDF}
	EndGlobalSection
EndGlobal
